
Microsoft Visual Studio Solution File, Format Version 12.00
# Visual Studio 14
VisualStudioVersion = 14.0.25420.1
MinimumVisualStudioVersion = 10.0.40219.1
Project("{8BC9CEB8-8B4A-11D0-8D11-00A0C91BC942}") = "expat-wrapper-dev", "expat-wrapper.vcxproj", "{08F3BA06-D69D-4C90-BFC4-A3033D79EAC1}"
EndProject
Project("{8BC9CEB8-8B4A-11D0-8D11-00A0C91BC942}") = "lib-expat-wrapper", "lib-expat-wrapper\lib-expat-wrapper.vcxproj", "{067BC7B3-46AE-4EDF-80F8-2561F8AC86FD}"
EndProject
Global
	GlobalSection(SolutionConfigurationPlatforms) = preSolution
		Debug|x64 = Debug|x64
		Debug|x86 = Debug|x86
		Release|x64 = Release|x64
		Release|x86 = Release|x86
	EndGlobalSection
	GlobalSection(ProjectConfigurationPlatforms) = postSolution
		{08F3BA06-D69D-4C90-BFC4-A3033D79EAC1}.Debug|x64.ActiveCfg = Debug|x64
		{08F3BA06-D69D-4C90-BFC4-A3033D79EAC1}.Debug|x64.Build.0 = Debug|x64
		{08F3BA06-D69D-4C90-BFC4-A3033D79EAC1}.Debug|x86.ActiveCfg = Debug|Win32
		{08F3BA06-D69D-4C90-BFC4-A3033D79EAC1}.Debug|x86.Build.0 = Debug|Win32
		{08F3BA06-D69D-4C90-BFC4-A3033D79EAC1}.Release|x64.ActiveCfg = Release|x64
		{08F3BA06-D69D-4C90-BFC4-A3033D79EAC1}.Release|x64.Build.0 = Release|x64
		{08F3BA06-D69D-4C90-BFC4-A3033D79EAC1}.Release|x86.ActiveCfg = Release|Win32
		{08F3BA06-D69D-4C90-BFC4-A3033D79EAC1}.Release|x86.Build.0 = Release|Win32
		{067BC7B3-46AE-4EDF-80F8-2561F8AC86FD}.Debug|x64.ActiveCfg = Debug|x64
		{067BC7B3-46AE-4EDF-80F8-2561F8AC86FD}.Debug|x64.Build.0 = Debug|x64
		{067BC7B3-46AE-4EDF-80F8-2561F8AC86FD}.Debug|x86.ActiveCfg = Debug|Win32
		{067BC7B3-46AE-4EDF-80F8-2561F8AC86FD}.Debug|x86.Build.0 = Debug|Win32
		{067BC7B3-46AE-4EDF-80F8-2561F8AC86FD}.Release|x64.ActiveCfg = Release|x64
		{067BC7B3-46AE-4EDF-80F8-2561F8AC86FD}.Release|x64.Build.0 = Release|x64
		{067BC7B3-46AE-4EDF-80F8-2561F8AC86FD}.Release|x86.ActiveCfg = Release|Win32
		{067BC7B3-46AE-4EDF-80F8-2561F8AC86FD}.Release|x86.Build.0 = Release|Win32
	EndGlobalSection
	GlobalSection(SolutionProperties) = preSolution
		HideSolutionNode = FALSE
	EndGlobalSection
EndGlobal
